
Microsoft Visual Studio Solution File, Format Version 12.00
# Visual Studio Version 17
VisualStudioVersion = 17.4.33213.308
MinimumVisualStudioVersion = 10.0.40219.1
Project("{FAE04EC0-301F-11D3-BF4B-00C04F79EFBC}") = "MyHomeTask24", "MyHomeTask24\MyHomeTask24.csproj", "{7F7448E5-61AF-4D29-9D18-FDAFFFC41270}"
EndProject
Global
	GlobalSection(SolutionConfigurationPlatforms) = preSolution
		Debug|Any CPU = Debug|Any CPU
		Release|Any CPU = Release|Any CPU
	EndGlobalSection
	GlobalSection(ProjectConfigurationPlatforms) = postSolution
		{7F7448E5-61AF-4D29-9D18-FDAFFFC41270}.Debug|Any CPU.ActiveCfg = Debug|Any CPU
		{7F7448E5-61AF-4D29-9D18-FDAFFFC41270}.Debug|Any CPU.Build.0 = Debug|Any CPU
		{7F7448E5-61AF-4D29-9D18-FDAFFFC41270}.Release|Any CPU.ActiveCfg = Release|Any CPU
		{7F7448E5-61AF-4D29-9D18-FDAFFFC41270}.Release|Any CPU.Build.0 = Release|Any CPU
	EndGlobalSection
	GlobalSection(SolutionProperties) = preSolution
		HideSolutionNode = FALSE
	EndGlobalSection
	GlobalSection(ExtensibilityGlobals) = postSolution
		SolutionGuid = {CE42D985-5953-420C-AFD3-F37275F16FE9}
	EndGlobalSection
EndGlobal
